
Microsoft Visual Studio Solution File, Format Version 12.00
# Visual Studio Version 16
VisualStudioVersion = 16.0.28917.181
MinimumVisualStudioVersion = 10.0.40219.1
Project("{FAE04EC0-301F-11D3-BF4B-00C04F79EFBC}") = "lab2_1", "lab2_1\lab2_1.csproj", "{D010C030-B034-40BB-B610-DA8647BCFB1A}"
EndProject
Global
	GlobalSection(SolutionConfigurationPlatforms) = preSolution
		Debug|Any CPU = Debug|Any CPU
		Release|Any CPU = Release|Any CPU
	EndGlobalSection
	GlobalSection(ProjectConfigurationPlatforms) = postSolution
		{D010C030-B034-40BB-B610-DA8647BCFB1A}.Debug|Any CPU.ActiveCfg = Debug|Any CPU
		{D010C030-B034-40BB-B610-DA8647BCFB1A}.Debug|Any CPU.Build.0 = Debug|Any CPU
		{D010C030-B034-40BB-B610-DA8647BCFB1A}.Release|Any CPU.ActiveCfg = Release|Any CPU
		{D010C030-B034-40BB-B610-DA8647BCFB1A}.Release|Any CPU.Build.0 = Release|Any CPU
	EndGlobalSection
	GlobalSection(SolutionProperties) = preSolution
		HideSolutionNode = FALSE
	EndGlobalSection
	GlobalSection(ExtensibilityGlobals) = postSolution
		SolutionGuid = {2A883ECB-8A6B-4E14-BCAF-04C820CC768C}
	EndGlobalSection
EndGlobal
