
Microsoft Visual Studio Solution File, Format Version 12.00
# Visual Studio Version 16
VisualStudioVersion = 16.0.29230.47
MinimumVisualStudioVersion = 10.0.40219.1
Project("{FAE04EC0-301F-11D3-BF4B-00C04F79EFBC}") = "TreeValue", "TreeValue\TreeValue.csproj", "{42E41665-3981-4B12-AD8E-D60D4754C44F}"
EndProject
Global
	GlobalSection(SolutionConfigurationPlatforms) = preSolution
		Debug|Any CPU = Debug|Any CPU
		Release|Any CPU = Release|Any CPU
	EndGlobalSection
	GlobalSection(ProjectConfigurationPlatforms) = postSolution
		{42E41665-3981-4B12-AD8E-D60D4754C44F}.Debug|Any CPU.ActiveCfg = Debug|Any CPU
		{42E41665-3981-4B12-AD8E-D60D4754C44F}.Debug|Any CPU.Build.0 = Debug|Any CPU
		{42E41665-3981-4B12-AD8E-D60D4754C44F}.Release|Any CPU.ActiveCfg = Release|Any CPU
		{42E41665-3981-4B12-AD8E-D60D4754C44F}.Release|Any CPU.Build.0 = Release|Any CPU
	EndGlobalSection
	GlobalSection(SolutionProperties) = preSolution
		HideSolutionNode = FALSE
	EndGlobalSection
	GlobalSection(ExtensibilityGlobals) = postSolution
		SolutionGuid = {6C7E2CC4-5E9A-44DB-B827-2377E9B91542}
	EndGlobalSection
EndGlobal
